
Microsoft Visual Studio Solution File, Format Version 12.00
# Visual Studio 15
VisualStudioVersion = 15.0.26730.15
MinimumVisualStudioVersion = 10.0.40219.1
Project("{2150E333-8FDC-42A3-9474-1A3956D46DE8}") = "Solution Items", "Solution Items", "{91E7651A-8BEA-46F3-B98A-D24F3EAEAE6F}"
	ProjectSection(SolutionItems) = preProject
		ApiManagementPolicy.xml = ApiManagementPolicy.xml
	EndProjectSection
EndProject
Project("{FAE04EC0-301F-11D3-BF4B-00C04F79EFBC}") = "Zohan.ApiEvents", "Zohan.ApiEvents\Zohan.ApiEvents.csproj", "{5D9903CA-EF10-4428-A261-9655607F5637}"
EndProject
Project("{FAE04EC0-301F-11D3-BF4B-00C04F79EFBC}") = "Zohan.EventGrid", "Zohan.EventGrid\Zohan.EventGrid.csproj", "{EA47694B-42F0-43DF-9CB1-045C07F3DAC1}"
EndProject
Project("{FAE04EC0-301F-11D3-BF4B-00C04F79EFBC}") = "Zohan.EventGridTest", "Zohan.EventGridTest\Zohan.EventGridTest.csproj", "{97E25249-8373-44E3-889E-67C003796B5F}"
EndProject
Project("{2150E333-8FDC-42A3-9474-1A3956D46DE8}") = "Tests", "Tests", "{6420EF30-32D7-47D0-AA0F-5269ECFFA2E4}"
EndProject
Project("{2150E333-8FDC-42A3-9474-1A3956D46DE8}") = "Common", "Common", "{03013ED4-6091-4C6B-B244-C2F6924B71DB}"
EndProject
Project("{2150E333-8FDC-42A3-9474-1A3956D46DE8}") = "Function Apps", "Function Apps", "{6FE5E3BA-0E92-4994-9CAF-E7C6C1AC764E}"
EndProject
Global
	GlobalSection(SolutionConfigurationPlatforms) = preSolution
		Debug|Any CPU = Debug|Any CPU
		Release|Any CPU = Release|Any CPU
	EndGlobalSection
	GlobalSection(ProjectConfigurationPlatforms) = postSolution
		{5D9903CA-EF10-4428-A261-9655607F5637}.Debug|Any CPU.ActiveCfg = Debug|Any CPU
		{5D9903CA-EF10-4428-A261-9655607F5637}.Debug|Any CPU.Build.0 = Debug|Any CPU
		{5D9903CA-EF10-4428-A261-9655607F5637}.Release|Any CPU.ActiveCfg = Release|Any CPU
		{5D9903CA-EF10-4428-A261-9655607F5637}.Release|Any CPU.Build.0 = Release|Any CPU
		{EA47694B-42F0-43DF-9CB1-045C07F3DAC1}.Debug|Any CPU.ActiveCfg = Debug|Any CPU
		{EA47694B-42F0-43DF-9CB1-045C07F3DAC1}.Debug|Any CPU.Build.0 = Debug|Any CPU
		{EA47694B-42F0-43DF-9CB1-045C07F3DAC1}.Release|Any CPU.ActiveCfg = Release|Any CPU
		{EA47694B-42F0-43DF-9CB1-045C07F3DAC1}.Release|Any CPU.Build.0 = Release|Any CPU
		{97E25249-8373-44E3-889E-67C003796B5F}.Debug|Any CPU.ActiveCfg = Debug|Any CPU
		{97E25249-8373-44E3-889E-67C003796B5F}.Debug|Any CPU.Build.0 = Debug|Any CPU
		{97E25249-8373-44E3-889E-67C003796B5F}.Release|Any CPU.ActiveCfg = Release|Any CPU
		{97E25249-8373-44E3-889E-67C003796B5F}.Release|Any CPU.Build.0 = Release|Any CPU
	EndGlobalSection
	GlobalSection(SolutionProperties) = preSolution
		HideSolutionNode = FALSE
	EndGlobalSection
	GlobalSection(NestedProjects) = preSolution
		{5D9903CA-EF10-4428-A261-9655607F5637} = {6FE5E3BA-0E92-4994-9CAF-E7C6C1AC764E}
		{EA47694B-42F0-43DF-9CB1-045C07F3DAC1} = {03013ED4-6091-4C6B-B244-C2F6924B71DB}
		{97E25249-8373-44E3-889E-67C003796B5F} = {6420EF30-32D7-47D0-AA0F-5269ECFFA2E4}
	EndGlobalSection
	GlobalSection(ExtensibilityGlobals) = postSolution
		SolutionGuid = {86F136EE-3D46-44DC-9DFF-4B11F43898E0}
	EndGlobalSection
EndGlobal
